
Microsoft Visual Studio Solution File, Format Version 12.00
# Visual Studio 15
VisualStudioVersion = 15.0.28010.2036
MinimumVisualStudioVersion = 10.0.40219.1
Project("{FAE04EC0-301F-11D3-BF4B-00C04F79EFBC}") = "HotelManagementSystem", "HotelManagementSystem\HotelManagementSystem.csproj", "{8D3440DD-E1EB-432C-B693-77CD8AFAC2C3}"
EndProject
Global
	GlobalSection(SolutionConfigurationPlatforms) = preSolution
		Debug|Any CPU = Debug|Any CPU
		Release|Any CPU = Release|Any CPU
	EndGlobalSection
	GlobalSection(ProjectConfigurationPlatforms) = postSolution
		{8D3440DD-E1EB-432C-B693-77CD8AFAC2C3}.Debug|Any CPU.ActiveCfg = Debug|Any CPU
		{8D3440DD-E1EB-432C-B693-77CD8AFAC2C3}.Debug|Any CPU.Build.0 = Debug|Any CPU
		{8D3440DD-E1EB-432C-B693-77CD8AFAC2C3}.Release|Any CPU.ActiveCfg = Release|Any CPU
		{8D3440DD-E1EB-432C-B693-77CD8AFAC2C3}.Release|Any CPU.Build.0 = Release|Any CPU
	EndGlobalSection
	GlobalSection(SolutionProperties) = preSolution
		HideSolutionNode = FALSE
	EndGlobalSection
	GlobalSection(ExtensibilityGlobals) = postSolution
		SolutionGuid = {A2CD1BA9-EC51-4106-891D-F98858E9720D}
	EndGlobalSection
EndGlobal
